
Microsoft Visual Studio Solution File, Format Version 12.00
# Visual Studio Version 16
VisualStudioVersion = 16.0.30114.105
MinimumVisualStudioVersion = 10.0.40219.1
Project("{2150E333-8FDC-42A3-9474-1A3956D46DE8}") = "src", "src", "{0F6E9496-5990-463F-BC02-4613EEC954BB}"
EndProject
Project("{FAE04EC0-301F-11D3-BF4B-00C04F79EFBC}") = "LayerArchitectureExample", "src\LayerArchitectureExample\LayerArchitectureExample.csproj", "{B940F916-8DFE-478A-8622-CF2EE9BFE126}"
EndProject
Global
	GlobalSection(SolutionConfigurationPlatforms) = preSolution
		Debug|Any CPU = Debug|Any CPU
		Release|Any CPU = Release|Any CPU
	EndGlobalSection
	GlobalSection(SolutionProperties) = preSolution
		HideSolutionNode = FALSE
	EndGlobalSection
	GlobalSection(ProjectConfigurationPlatforms) = postSolution
		{B940F916-8DFE-478A-8622-CF2EE9BFE126}.Debug|Any CPU.ActiveCfg = Debug|Any CPU
		{B940F916-8DFE-478A-8622-CF2EE9BFE126}.Debug|Any CPU.Build.0 = Debug|Any CPU
		{B940F916-8DFE-478A-8622-CF2EE9BFE126}.Release|Any CPU.ActiveCfg = Release|Any CPU
		{B940F916-8DFE-478A-8622-CF2EE9BFE126}.Release|Any CPU.Build.0 = Release|Any CPU
	EndGlobalSection
	GlobalSection(NestedProjects) = preSolution
		{B940F916-8DFE-478A-8622-CF2EE9BFE126} = {0F6E9496-5990-463F-BC02-4613EEC954BB}
	EndGlobalSection
EndGlobal
