
Microsoft Visual Studio Solution File, Format Version 12.00
# Visual Studio Version 16
VisualStudioVersion = 16.0.30114.105
MinimumVisualStudioVersion = 10.0.40219.1
Project("{2150E333-8FDC-42A3-9474-1A3956D46DE8}") = "src", "src", "{0F6E9496-5990-463F-BC02-4613EEC954BB}"
EndProject
Project("{2150E333-8FDC-42A3-9474-1A3956D46DE8}") = "DataAccess", "DataAccess", "{BD53716F-E6F3-4249-BA34-515799C820B4}"
EndProject
Project("{FAE04EC0-301F-11D3-BF4B-00C04F79EFBC}") = "LayerArchitectureExample.DataAccess.Contracts", "src\LayerArchitectureExample.DataAccess.Contracts\LayerArchitectureExample.DataAccess.Contracts.csproj", "{685705B0-2CC1-4273-A70C-6EF167F40D53}"
EndProject
Project("{2150E333-8FDC-42A3-9474-1A3956D46DE8}") = "Core", "Core", "{805F2391-9C50-4F13-B81A-F5517BC40208}"
EndProject
Project("{FAE04EC0-301F-11D3-BF4B-00C04F79EFBC}") = "LayerArchitectureExample.Core.Logging", "src\LayerArchitectureExample.Core.Logging\LayerArchitectureExample.Core.Logging.csproj", "{2F122344-6F6E-4B8A-A4AC-5C00619B86E6}"
EndProject
Global
	GlobalSection(SolutionConfigurationPlatforms) = preSolution
		Debug|Any CPU = Debug|Any CPU
		Release|Any CPU = Release|Any CPU
	EndGlobalSection
	GlobalSection(SolutionProperties) = preSolution
		HideSolutionNode = FALSE
	EndGlobalSection
	GlobalSection(ProjectConfigurationPlatforms) = postSolution
		{685705B0-2CC1-4273-A70C-6EF167F40D53}.Debug|Any CPU.ActiveCfg = Debug|Any CPU
		{685705B0-2CC1-4273-A70C-6EF167F40D53}.Debug|Any CPU.Build.0 = Debug|Any CPU
		{685705B0-2CC1-4273-A70C-6EF167F40D53}.Release|Any CPU.ActiveCfg = Release|Any CPU
		{685705B0-2CC1-4273-A70C-6EF167F40D53}.Release|Any CPU.Build.0 = Release|Any CPU
		{2F122344-6F6E-4B8A-A4AC-5C00619B86E6}.Debug|Any CPU.ActiveCfg = Debug|Any CPU
		{2F122344-6F6E-4B8A-A4AC-5C00619B86E6}.Debug|Any CPU.Build.0 = Debug|Any CPU
		{2F122344-6F6E-4B8A-A4AC-5C00619B86E6}.Release|Any CPU.ActiveCfg = Release|Any CPU
		{2F122344-6F6E-4B8A-A4AC-5C00619B86E6}.Release|Any CPU.Build.0 = Release|Any CPU
	EndGlobalSection
	GlobalSection(NestedProjects) = preSolution
		{B940F916-8DFE-478A-8622-CF2EE9BFE126} = {0F6E9496-5990-463F-BC02-4613EEC954BB}
		{BD53716F-E6F3-4249-BA34-515799C820B4} = {0F6E9496-5990-463F-BC02-4613EEC954BB}
		{685705B0-2CC1-4273-A70C-6EF167F40D53} = {BD53716F-E6F3-4249-BA34-515799C820B4}
		{2F122344-6F6E-4B8A-A4AC-5C00619B86E6} = {805F2391-9C50-4F13-B81A-F5517BC40208}
	EndGlobalSection
EndGlobal
